
Microsoft Visual Studio Solution File, Format Version 12.00
Project("{FAE04EC0-301F-11D3-BF4B-00C04F79EFBC}") = "DungeonDelvers.Domain.Tests", "DungeonDelvers.Domain.Tests\DungeonDelvers.Domain.Tests.csproj", "{A79586BB-017F-4CCA-803C-F79713006F99}"
EndProject
Project("{FAE04EC0-301F-11D3-BF4B-00C04F79EFBC}") = "DungeonDelvers.Domain", "DungeonDelvers.Domain\DungeonDelvers.Domain.csproj", "{6ADC98BB-703A-40D9-AE1D-6F446EAC526E}"
EndProject
Global
	GlobalSection(SolutionConfigurationPlatforms) = preSolution
		Debug|Any CPU = Debug|Any CPU
		Release|Any CPU = Release|Any CPU
	EndGlobalSection
	GlobalSection(ProjectConfigurationPlatforms) = postSolution
		{A79586BB-017F-4CCA-803C-F79713006F99}.Debug|Any CPU.ActiveCfg = Debug|Any CPU
		{A79586BB-017F-4CCA-803C-F79713006F99}.Debug|Any CPU.Build.0 = Debug|Any CPU
		{A79586BB-017F-4CCA-803C-F79713006F99}.Release|Any CPU.ActiveCfg = Release|Any CPU
		{A79586BB-017F-4CCA-803C-F79713006F99}.Release|Any CPU.Build.0 = Release|Any CPU
		{6ADC98BB-703A-40D9-AE1D-6F446EAC526E}.Debug|Any CPU.ActiveCfg = Debug|Any CPU
		{6ADC98BB-703A-40D9-AE1D-6F446EAC526E}.Debug|Any CPU.Build.0 = Debug|Any CPU
		{6ADC98BB-703A-40D9-AE1D-6F446EAC526E}.Release|Any CPU.ActiveCfg = Release|Any CPU
		{6ADC98BB-703A-40D9-AE1D-6F446EAC526E}.Release|Any CPU.Build.0 = Release|Any CPU
	EndGlobalSection
EndGlobal
